
Microsoft Visual Studio Solution File, Format Version 12.00
# Visual Studio 15
VisualStudioVersion = 15.0.27130.0
MinimumVisualStudioVersion = 10.0.40219.1
Project("{FAE04EC0-301F-11D3-BF4B-00C04F79EFBC}") = "W2W.Tasks", "W2W.Tasks\W2W.Tasks.csproj", "{0F343D73-B1D4-4A4A-8685-C8F1A2884739}"
EndProject
Global
	GlobalSection(SolutionConfigurationPlatforms) = preSolution
		Debug|Any CPU = Debug|Any CPU
		Release|Any CPU = Release|Any CPU
	EndGlobalSection
	GlobalSection(ProjectConfigurationPlatforms) = postSolution
		{0F343D73-B1D4-4A4A-8685-C8F1A2884739}.Debug|Any CPU.ActiveCfg = Debug|Any CPU
		{0F343D73-B1D4-4A4A-8685-C8F1A2884739}.Debug|Any CPU.Build.0 = Debug|Any CPU
		{0F343D73-B1D4-4A4A-8685-C8F1A2884739}.Release|Any CPU.ActiveCfg = Release|Any CPU
		{0F343D73-B1D4-4A4A-8685-C8F1A2884739}.Release|Any CPU.Build.0 = Release|Any CPU
	EndGlobalSection
	GlobalSection(SolutionProperties) = preSolution
		HideSolutionNode = FALSE
	EndGlobalSection
	GlobalSection(ExtensibilityGlobals) = postSolution
		SolutionGuid = {23722DF5-9C85-492D-9241-1059479696F0}
	EndGlobalSection
EndGlobal
